
Microsoft Visual Studio Solution File, Format Version 12.00
# Visual Studio Version 17
VisualStudioVersion = 17.10.35013.160
MinimumVisualStudioVersion = 10.0.40219.1
Project("{9A19103F-16F7-4668-BE54-9A1E7A4F7556}") = "EmployeeManagementAPI", "Test\EmployeeManagementAPI.csproj", "{8C2852BB-5CF3-4E92-9D9D-BB2B9D241EBE}"
EndProject
Project("{FAE04EC0-301F-11D3-BF4B-00C04F79EFBC}") = "EmployeeManagementAPI.Tests", "EmployeeManagementAPI.Tests\EmployeeManagementAPI.Tests.csproj", "{7300478A-8834-402A-A78B-36A91C422601}"
EndProject
Global
	GlobalSection(SolutionConfigurationPlatforms) = preSolution
		Debug|Any CPU = Debug|Any CPU
		Release|Any CPU = Release|Any CPU
	EndGlobalSection
	GlobalSection(ProjectConfigurationPlatforms) = postSolution
		{8C2852BB-5CF3-4E92-9D9D-BB2B9D241EBE}.Debug|Any CPU.ActiveCfg = Debug|Any CPU
		{8C2852BB-5CF3-4E92-9D9D-BB2B9D241EBE}.Debug|Any CPU.Build.0 = Debug|Any CPU
		{8C2852BB-5CF3-4E92-9D9D-BB2B9D241EBE}.Release|Any CPU.ActiveCfg = Release|Any CPU
		{8C2852BB-5CF3-4E92-9D9D-BB2B9D241EBE}.Release|Any CPU.Build.0 = Release|Any CPU
		{7300478A-8834-402A-A78B-36A91C422601}.Debug|Any CPU.ActiveCfg = Debug|Any CPU
		{7300478A-8834-402A-A78B-36A91C422601}.Debug|Any CPU.Build.0 = Debug|Any CPU
		{7300478A-8834-402A-A78B-36A91C422601}.Release|Any CPU.ActiveCfg = Release|Any CPU
		{7300478A-8834-402A-A78B-36A91C422601}.Release|Any CPU.Build.0 = Release|Any CPU
	EndGlobalSection
	GlobalSection(SolutionProperties) = preSolution
		HideSolutionNode = FALSE
	EndGlobalSection
	GlobalSection(ExtensibilityGlobals) = postSolution
		SolutionGuid = {25F4908D-0B18-4555-B4DB-B2DB53AADF8D}
	EndGlobalSection
EndGlobal
